// !$*UTF8*$!
{
	archiveVersion = 1;
	classes = {
	};
	objectVersion = 51;
	objects = {

/* Begin PBXBuildFile section */
		621D7478280F358300006B99 /* CreateUserInfo.swift in Sources */ = {isa = PBXBuildFile; fileRef = 621D7477280F358300006B99 /* CreateUserInfo.swift */; };
		623AEBB127C8144100247391 /* PresentApp.swift in Sources */ = {isa = PBXBuildFile; fileRef = 623AEBB027C8144100247391 /* PresentApp.swift */; };
		623AEBB327C8144100247391 /* ContentView.swift in Sources */ = {isa = PBXBuildFile; fileRef = 623AEBB227C8144100247391 /* ContentView.swift */; };
		623AEBB527C8144300247391 /* Assets.xcassets in Resources */ = {isa = PBXBuildFile; fileRef = 623AEBB427C8144300247391 /* Assets.xcassets */; };
		623AEBB827C8144300247391 /* Preview Assets.xcassets in Resources */ = {isa = PBXBuildFile; fileRef = 623AEBB727C8144300247391 /* Preview Assets.xcassets */; };
		623AEBC327C8144400247391 /* PresentTests.swift in Sources */ = {isa = PBXBuildFile; fileRef = 623AEBC227C8144400247391 /* PresentTests.swift */; };
		623AEBCE27C8144400247391 /* PresentUITests.swift in Sources */ = {isa = PBXBuildFile; fileRef = 623AEBCD27C8144400247391 /* PresentUITests.swift */; };
		623AEBDE27C8164B00247391 /* GoogleService-Info.plist in Resources */ = {isa = PBXBuildFile; fileRef = 623AEBDD27C8164B00247391 /* GoogleService-Info.plist */; };
		623AEBE027CD1AE500247391 /* FirebaseFunctions.swift in Sources */ = {isa = PBXBuildFile; fileRef = 623AEBDF27CD1AE500247391 /* FirebaseFunctions.swift */; };
		623AEBE227CD1AFE00247391 /* Constants.swift in Sources */ = {isa = PBXBuildFile; fileRef = 623AEBE127CD1AFE00247391 /* Constants.swift */; };
		623AEBE427CD1B1100247391 /* UserInfo.swift in Sources */ = {isa = PBXBuildFile; fileRef = 623AEBE327CD1B1100247391 /* UserInfo.swift */; };
		623AEBE627CD1B4400247391 /* LogInView.swift in Sources */ = {isa = PBXBuildFile; fileRef = 623AEBE527CD1B4400247391 /* LogInView.swift */; };
		623AEBE827CE96A300247391 /* UserDetail.swift in Sources */ = {isa = PBXBuildFile; fileRef = 623AEBE727CE96A300247391 /* UserDetail.swift */; };
		623AEBEA27CE96C000247391 /* HomeView.swift in Sources */ = {isa = PBXBuildFile; fileRef = 623AEBE927CE96C000247391 /* HomeView.swift */; };
		623AEBEC27CE9C2900247391 /* SettingsView.swift in Sources */ = {isa = PBXBuildFile; fileRef = 623AEBEB27CE9C2900247391 /* SettingsView.swift */; };
		623AEBEE27CE9CA700247391 /* ImagePicker.swift in Sources */ = {isa = PBXBuildFile; fileRef = 623AEBED27CE9CA700247391 /* ImagePicker.swift */; };
		623AEBF027DA68E900247391 /* DataParsing.swift in Sources */ = {isa = PBXBuildFile; fileRef = 623AEBEF27DA68E900247391 /* DataParsing.swift */; };
		623AEBF627EB7FF000247391 /* Nunito-VariableFont_wght.ttf in Resources */ = {isa = PBXBuildFile; fileRef = 623AEBF527EB7FF000247391 /* Nunito-VariableFont_wght.ttf */; };
		629DA5B127FCAEC300E96BB0 /* FriendDetail.swift in Sources */ = {isa = PBXBuildFile; fileRef = 629DA5B027FCAEC300E96BB0 /* FriendDetail.swift */; };
		9E7CFE703B4A3F0F45F9E909 /* Pods_Present.framework in Frameworks */ = {isa = PBXBuildFile; fileRef = 254C8E89ADA5834437FF8E6A /* Pods_Present.framework */; };
		AE27E50D27FB4C690084A50D /* FriendInfo.swift in Sources */ = {isa = PBXBuildFile; fileRef = AE27E50C27FB4C690084A50D /* FriendInfo.swift */; };
		E28C77CC27ECDEF200757463 /* Nunito-ExtraLight.ttf in Resources */ = {isa = PBXBuildFile; fileRef = E28C77CB27ECDEF200757463 /* Nunito-ExtraLight.ttf */; };
/* End PBXBuildFile section */

/* Begin PBXContainerItemProxy section */
		623AEBBF27C8144400247391 /* PBXContainerItemProxy */ = {
			isa = PBXContainerItemProxy;
			containerPortal = 623AEBA527C8144100247391 /* Project object */;
			proxyType = 1;
			remoteGlobalIDString = 623AEBAC27C8144100247391;
			remoteInfo = Present;
		};
		623AEBCA27C8144400247391 /* PBXContainerItemProxy */ = {
			isa = PBXContainerItemProxy;
			containerPortal = 623AEBA527C8144100247391 /* Project object */;
			proxyType = 1;
			remoteGlobalIDString = 623AEBAC27C8144100247391;
			remoteInfo = Present;
		};
/* End PBXContainerItemProxy section */

/* Begin PBXFileReference section */
		1A6AA3A89D2DB3BF43B43F9C /* Pods-Present.debug.xcconfig */ = {isa = PBXFileReference; includeInIndex = 1; lastKnownFileType = text.xcconfig; name = "Pods-Present.debug.xcconfig"; path = "Target Support Files/Pods-Present/Pods-Present.debug.xcconfig"; sourceTree = "<group>"; };
		254C8E89ADA5834437FF8E6A /* Pods_Present.framework */ = {isa = PBXFileReference; explicitFileType = wrapper.framework; includeInIndex = 0; path = Pods_Present.framework; sourceTree = BUILT_PRODUCTS_DIR; };
		621D7477280F358300006B99 /* CreateUserInfo.swift */ = {isa = PBXFileReference; lastKnownFileType = sourcecode.swift; path = CreateUserInfo.swift; sourceTree = "<group>"; };
		623AEBAD27C8144100247391 /* Present.app */ = {isa = PBXFileReference; explicitFileType = wrapper.application; includeInIndex = 0; path = Present.app; sourceTree = BUILT_PRODUCTS_DIR; };
		623AEBB027C8144100247391 /* PresentApp.swift */ = {isa = PBXFileReference; lastKnownFileType = sourcecode.swift; path = PresentApp.swift; sourceTree = "<group>"; };
		623AEBB227C8144100247391 /* ContentView.swift */ = {isa = PBXFileReference; lastKnownFileType = sourcecode.swift; name = ContentView.swift; path = "../New Group/ContentView.swift"; sourceTree = "<group>"; };
		623AEBB427C8144300247391 /* Assets.xcassets */ = {isa = PBXFileReference; lastKnownFileType = folder.assetcatalog; path = Assets.xcassets; sourceTree = "<group>"; };
		623AEBB727C8144300247391 /* Preview Assets.xcassets */ = {isa = PBXFileReference; lastKnownFileType = folder.assetcatalog; path = "Preview Assets.xcassets"; sourceTree = "<group>"; };
		623AEBB927C8144300247391 /* Info.plist */ = {isa = PBXFileReference; lastKnownFileType = text.plist.xml; path = Info.plist; sourceTree = "<group>"; };
		623AEBBE27C8144400247391 /* PresentTests.xctest */ = {isa = PBXFileReference; explicitFileType = wrapper.cfbundle; includeInIndex = 0; path = PresentTests.xctest; sourceTree = BUILT_PRODUCTS_DIR; };
		623AEBC227C8144400247391 /* PresentTests.swift */ = {isa = PBXFileReference; lastKnownFileType = sourcecode.swift; path = PresentTests.swift; sourceTree = "<group>"; };
		623AEBC427C8144400247391 /* Info.plist */ = {isa = PBXFileReference; lastKnownFileType = text.plist.xml; path = Info.plist; sourceTree = "<group>"; };
		623AEBC927C8144400247391 /* PresentUITests.xctest */ = {isa = PBXFileReference; explicitFileType = wrapper.cfbundle; includeInIndex = 0; path = PresentUITests.xctest; sourceTree = BUILT_PRODUCTS_DIR; };
		623AEBCD27C8144400247391 /* PresentUITests.swift */ = {isa = PBXFileReference; lastKnownFileType = sourcecode.swift; path = PresentUITests.swift; sourceTree = "<group>"; };
		623AEBCF27C8144400247391 /* Info.plist */ = {isa = PBXFileReference; lastKnownFileType = text.plist.xml; path = Info.plist; sourceTree = "<group>"; };
		623AEBDD27C8164B00247391 /* GoogleService-Info.plist */ = {isa = PBXFileReference; fileEncoding = 4; lastKnownFileType = text.plist.xml; path = "GoogleService-Info.plist"; sourceTree = "<group>"; };
		623AEBDF27CD1AE500247391 /* FirebaseFunctions.swift */ = {isa = PBXFileReference; fileEncoding = 4; lastKnownFileType = sourcecode.swift; path = FirebaseFunctions.swift; sourceTree = "<group>"; };
		623AEBE127CD1AFE00247391 /* Constants.swift */ = {isa = PBXFileReference; fileEncoding = 4; lastKnownFileType = sourcecode.swift; path = Constants.swift; sourceTree = "<group>"; };
		623AEBE327CD1B1100247391 /* UserInfo.swift */ = {isa = PBXFileReference; fileEncoding = 4; lastKnownFileType = sourcecode.swift; path = UserInfo.swift; sourceTree = "<group>"; };
		623AEBE527CD1B4400247391 /* LogInView.swift */ = {isa = PBXFileReference; fileEncoding = 4; lastKnownFileType = sourcecode.swift; path = LogInView.swift; sourceTree = "<group>"; };
		623AEBE727CE96A300247391 /* UserDetail.swift */ = {isa = PBXFileReference; lastKnownFileType = sourcecode.swift; path = UserDetail.swift; sourceTree = "<group>"; };
		623AEBE927CE96C000247391 /* HomeView.swift */ = {isa = PBXFileReference; fileEncoding = 4; lastKnownFileType = sourcecode.swift; path = HomeView.swift; sourceTree = "<group>"; };
		623AEBEB27CE9C2900247391 /* SettingsView.swift */ = {isa = PBXFileReference; fileEncoding = 4; lastKnownFileType = sourcecode.swift; path = SettingsView.swift; sourceTree = "<group>"; };
		623AEBED27CE9CA700247391 /* ImagePicker.swift */ = {isa = PBXFileReference; fileEncoding = 4; lastKnownFileType = sourcecode.swift; path = ImagePicker.swift; sourceTree = "<group>"; };
		623AEBEF27DA68E900247391 /* DataParsing.swift */ = {isa = PBXFileReference; fileEncoding = 4; lastKnownFileType = sourcecode.swift; path = DataParsing.swift; sourceTree = "<group>"; };
		623AEBF527EB7FF000247391 /* Nunito-VariableFont_wght.ttf */ = {isa = PBXFileReference; lastKnownFileType = file; path = "Nunito-VariableFont_wght.ttf"; sourceTree = "<group>"; };
		629DA5B027FCAEC300E96BB0 /* FriendDetail.swift */ = {isa = PBXFileReference; lastKnownFileType = sourcecode.swift; path = FriendDetail.swift; sourceTree = "<group>"; };
		8D00727F23FB59E3C85CDE8C /* Pods-Present.release.xcconfig */ = {isa = PBXFileReference; includeInIndex = 1; lastKnownFileType = text.xcconfig; name = "Pods-Present.release.xcconfig"; path = "Target Support Files/Pods-Present/Pods-Present.release.xcconfig"; sourceTree = "<group>"; };
		AE27E50C27FB4C690084A50D /* FriendInfo.swift */ = {isa = PBXFileReference; lastKnownFileType = sourcecode.swift; path = FriendInfo.swift; sourceTree = "<group>"; };
		E28C77CB27ECDEF200757463 /* Nunito-ExtraLight.ttf */ = {isa = PBXFileReference; lastKnownFileType = file; name = "Nunito-ExtraLight.ttf"; path = "Present/Nunito/static/Nunito-ExtraLight.ttf"; sourceTree = SOURCE_ROOT; };
/* End PBXFileReference section */

/* Begin PBXFrameworksBuildPhase section */
		623AEBAA27C8144100247391 /* Frameworks */ = {
			isa = PBXFrameworksBuildPhase;
			buildActionMask = 2147483647;
			files = (
				9E7CFE703B4A3F0F45F9E909 /* Pods_Present.framework in Frameworks */,
			);
			runOnlyForDeploymentPostprocessing = 0;
		};
		623AEBBB27C8144400247391 /* Frameworks */ = {
			isa = PBXFrameworksBuildPhase;
			buildActionMask = 2147483647;
			files = (
			);
			runOnlyForDeploymentPostprocessing = 0;
		};
		623AEBC627C8144400247391 /* Frameworks */ = {
			isa = PBXFrameworksBuildPhase;
			buildActionMask = 2147483647;
			files = (
			);
			runOnlyForDeploymentPostprocessing = 0;
		};
/* End PBXFrameworksBuildPhase section */

/* Begin PBXGroup section */
		623AEBA427C8144100247391 = {
			isa = PBXGroup;
			children = (
				623AEBAF27C8144100247391 /* Present */,
				623AEBC127C8144400247391 /* PresentTests */,
				623AEBCC27C8144400247391 /* PresentUITests */,
				623AEBAE27C8144100247391 /* Products */,
				F8B5D23EDF42239E9FB8C285 /* Pods */,
				A3FA48B89792322228B28EEC /* Frameworks */,
			);
			sourceTree = "<group>";
		};
		623AEBAE27C8144100247391 /* Products */ = {
			isa = PBXGroup;
			children = (
				623AEBAD27C8144100247391 /* Present.app */,
				623AEBBE27C8144400247391 /* PresentTests.xctest */,
				623AEBC927C8144400247391 /* PresentUITests.xctest */,
			);
			name = Products;
			sourceTree = "<group>";
		};
		623AEBAF27C8144100247391 /* Present */ = {
			isa = PBXGroup;
			children = (
				623AEBF327EB7E7600247391 /* Fonts */,
				623AEBDC27C8159000247391 /* Model */,
				623AEBDB27C8158100247391 /* Views */,
				623AEBB027C8144100247391 /* PresentApp.swift */,
				623AEBB427C8144300247391 /* Assets.xcassets */,
				623AEBB927C8144300247391 /* Info.plist */,
				623AEBDD27C8164B00247391 /* GoogleService-Info.plist */,
				623AEBB627C8144300247391 /* Preview Content */,
			);
			path = Present;
			sourceTree = "<group>";
		};
		623AEBB627C8144300247391 /* Preview Content */ = {
			isa = PBXGroup;
			children = (
				623AEBB727C8144300247391 /* Preview Assets.xcassets */,
			);
			path = "Preview Content";
			sourceTree = "<group>";
		};
		623AEBC127C8144400247391 /* PresentTests */ = {
			isa = PBXGroup;
			children = (
				623AEBC227C8144400247391 /* PresentTests.swift */,
				623AEBC427C8144400247391 /* Info.plist */,
			);
			path = PresentTests;
			sourceTree = "<group>";
		};
		623AEBCC27C8144400247391 /* PresentUITests */ = {
			isa = PBXGroup;
			children = (
				623AEBCD27C8144400247391 /* PresentUITests.swift */,
				623AEBCF27C8144400247391 /* Info.plist */,
			);
			path = PresentUITests;
			sourceTree = "<group>";
		};
		623AEBDB27C8158100247391 /* Views */ = {
			isa = PBXGroup;
			children = (
				623AEBE327CD1B1100247391 /* UserInfo.swift */,
				AE27E50C27FB4C690084A50D /* FriendInfo.swift */,
				621D7477280F358300006B99 /* CreateUserInfo.swift */,
				623AEBEF27DA68E900247391 /* DataParsing.swift */,
				623AEBB227C8144100247391 /* ContentView.swift */,
				623AEBE727CE96A300247391 /* UserDetail.swift */,
				629DA5B027FCAEC300E96BB0 /* FriendDetail.swift */,
				623AEBE527CD1B4400247391 /* LogInView.swift */,
				623AEBE927CE96C000247391 /* HomeView.swift */,
				623AEBEB27CE9C2900247391 /* SettingsView.swift */,
				623AEBED27CE9CA700247391 /* ImagePicker.swift */,
			);
			path = Views;
			sourceTree = "<group>";
		};
		623AEBDC27C8159000247391 /* Model */ = {
			isa = PBXGroup;
			children = (
				623AEBE127CD1AFE00247391 /* Constants.swift */,
				623AEBDF27CD1AE500247391 /* FirebaseFunctions.swift */,
			);
			path = Model;
			sourceTree = "<group>";
		};
		623AEBF327EB7E7600247391 /* Fonts */ = {
			isa = PBXGroup;
			children = (
				623AEBF527EB7FF000247391 /* Nunito-VariableFont_wght.ttf */,
				E28C77CB27ECDEF200757463 /* Nunito-ExtraLight.ttf */,
			);
			path = Fonts;
			sourceTree = "<group>";
		};
		A3FA48B89792322228B28EEC /* Frameworks */ = {
			isa = PBXGroup;
			children = (
				254C8E89ADA5834437FF8E6A /* Pods_Present.framework */,
			);
			name = Frameworks;
			sourceTree = "<group>";
		};
		F8B5D23EDF42239E9FB8C285 /* Pods */ = {
			isa = PBXGroup;
			children = (
				1A6AA3A89D2DB3BF43B43F9C /* Pods-Present.debug.xcconfig */,
				8D00727F23FB59E3C85CDE8C /* Pods-Present.release.xcconfig */,
			);
			path = Pods;
			sourceTree = "<group>";
		};
/* End PBXGroup section */

/* Begin PBXNativeTarget section */
		623AEBAC27C8144100247391 /* Present */ = {
			isa = PBXNativeTarget;
			buildConfigurationList = 623AEBD227C8144400247391 /* Build configuration list for PBXNativeTarget "Present" */;
			buildPhases = (
				F0360D60B64F5AAAD4A594F0 /* [CP] Check Pods Manifest.lock */,
				623AEBA927C8144100247391 /* Sources */,
				623AEBAA27C8144100247391 /* Frameworks */,
				623AEBAB27C8144100247391 /* Resources */,
				583D6F26C960F40AD4A43FC5 /* [CP] Embed Pods Frameworks */,
			);
			buildRules = (
			);
			dependencies = (
			);
			name = Present;
			productName = Present;
			productReference = 623AEBAD27C8144100247391 /* Present.app */;
			productType = "com.apple.product-type.application";
		};
		623AEBBD27C8144400247391 /* PresentTests */ = {
			isa = PBXNativeTarget;
			buildConfigurationList = 623AEBD527C8144400247391 /* Build configuration list for PBXNativeTarget "PresentTests" */;
			buildPhases = (
				623AEBBA27C8144400247391 /* Sources */,
				623AEBBB27C8144400247391 /* Frameworks */,
				623AEBBC27C8144400247391 /* Resources */,
			);
			buildRules = (
			);
			dependencies = (
				623AEBC027C8144400247391 /* PBXTargetDependency */,
			);
			name = PresentTests;
			productName = PresentTests;
			productReference = 623AEBBE27C8144400247391 /* PresentTests.xctest */;
			productType = "com.apple.product-type.bundle.unit-test";
		};
		623AEBC827C8144400247391 /* PresentUITests */ = {
			isa = PBXNativeTarget;
			buildConfigurationList = 623AEBD827C8144400247391 /* Build configuration list for PBXNativeTarget "PresentUITests" */;
			buildPhases = (
				623AEBC527C8144400247391 /* Sources */,
				623AEBC627C8144400247391 /* Frameworks */,
				623AEBC727C8144400247391 /* Resources */,
			);
			buildRules = (
			);
			dependencies = (
				623AEBCB27C8144400247391 /* PBXTargetDependency */,
			);
			name = PresentUITests;
			productName = PresentUITests;
			productReference = 623AEBC927C8144400247391 /* PresentUITests.xctest */;
			productType = "com.apple.product-type.bundle.ui-testing";
		};
/* End PBXNativeTarget section */

/* Begin PBXProject section */
		623AEBA527C8144100247391 /* Project object */ = {
			isa = PBXProject;
			attributes = {
				LastSwiftUpdateCheck = 1250;
				LastUpgradeCheck = 1250;
				TargetAttributes = {
					623AEBAC27C8144100247391 = {
						CreatedOnToolsVersion = 12.5;
					};
					623AEBBD27C8144400247391 = {
						CreatedOnToolsVersion = 12.5;
						TestTargetID = 623AEBAC27C8144100247391;
					};
					623AEBC827C8144400247391 = {
						CreatedOnToolsVersion = 12.5;
						TestTargetID = 623AEBAC27C8144100247391;
					};
				};
			};
			buildConfigurationList = 623AEBA827C8144100247391 /* Build configuration list for PBXProject "Present" */;
			compatibilityVersion = "Xcode 9.3";
			developmentRegion = en;
			hasScannedForEncodings = 0;
			knownRegions = (
				en,
				Base,
			);
			mainGroup = 623AEBA427C8144100247391;
			productRefGroup = 623AEBAE27C8144100247391 /* Products */;
			projectDirPath = "";
			projectRoot = "";
			targets = (
				623AEBAC27C8144100247391 /* Present */,
				623AEBBD27C8144400247391 /* PresentTests */,
				623AEBC827C8144400247391 /* PresentUITests */,
			);
		};
/* End PBXProject section */

/* Begin PBXResourcesBuildPhase section */
		623AEBAB27C8144100247391 /* Resources */ = {
			isa = PBXResourcesBuildPhase;
			buildActionMask = 2147483647;
			files = (
				623AEBF627EB7FF000247391 /* Nunito-VariableFont_wght.ttf in Resources */,
				623AEBB827C8144300247391 /* Preview Assets.xcassets in Resources */,
				623AEBDE27C8164B00247391 /* GoogleService-Info.plist in Resources */,
				623AEBB527C8144300247391 /* Assets.xcassets in Resources */,
				E28C77CC27ECDEF200757463 /* Nunito-ExtraLight.ttf in Resources */,
			);
			runOnlyForDeploymentPostprocessing = 0;
		};
		623AEBBC27C8144400247391 /* Resources */ = {
			isa = PBXResourcesBuildPhase;
			buildActionMask = 2147483647;
			files = (
			);
			runOnlyForDeploymentPostprocessing = 0;
		};
		623AEBC727C8144400247391 /* Resources */ = {
			isa = PBXResourcesBuildPhase;
			buildActionMask = 2147483647;
			files = (
			);
			runOnlyForDeploymentPostprocessing = 0;
		};
/* End PBXResourcesBuildPhase section */

/* Begin PBXShellScriptBuildPhase section */
		583D6F26C960F40AD4A43FC5 /* [CP] Embed Pods Frameworks */ = {
			isa = PBXShellScriptBuildPhase;
			buildActionMask = 2147483647;
			files = (
			);
			inputFileListPaths = (
				"${PODS_ROOT}/Target Support Files/Pods-Present/Pods-Present-frameworks-${CONFIGURATION}-input-files.xcfilelist",
			);
			name = "[CP] Embed Pods Frameworks";
			outputFileListPaths = (
				"${PODS_ROOT}/Target Support Files/Pods-Present/Pods-Present-frameworks-${CONFIGURATION}-output-files.xcfilelist",
			);
			runOnlyForDeploymentPostprocessing = 0;
			shellPath = /bin/sh;
			shellScript = "\"${PODS_ROOT}/Target Support Files/Pods-Present/Pods-Present-frameworks.sh\"\n";
			showEnvVarsInLog = 0;
		};
		F0360D60B64F5AAAD4A594F0 /* [CP] Check Pods Manifest.lock */ = {
			isa = PBXShellScriptBuildPhase;
			buildActionMask = 2147483647;
			files = (
			);
			inputFileListPaths = (
			);
			inputPaths = (
				"${PODS_PODFILE_DIR_PATH}/Podfile.lock",
				"${PODS_ROOT}/Manifest.lock",
			);
			name = "[CP] Check Pods Manifest.lock";
			outputFileListPaths = (
			);
			outputPaths = (
				"$(DERIVED_FILE_DIR)/Pods-Present-checkManifestLockResult.txt",
			);
			runOnlyForDeploymentPostprocessing = 0;
			shellPath = /bin/sh;
			shellScript = "diff \"${PODS_PODFILE_DIR_PATH}/Podfile.lock\" \"${PODS_ROOT}/Manifest.lock\" > /dev/null\nif [ $? != 0 ] ; then\n    # print error to STDERR\n    echo \"error: The sandbox is not in sync with the Podfile.lock. Run 'pod install' or update your CocoaPods installation.\" >&2\n    exit 1\nfi\n# This output is used by Xcode 'outputs' to avoid re-running this script phase.\necho \"SUCCESS\" > \"${SCRIPT_OUTPUT_FILE_0}\"\n";
			showEnvVarsInLog = 0;
		};
/* End PBXShellScriptBuildPhase section */

/* Begin PBXSourcesBuildPhase section */
		623AEBA927C8144100247391 /* Sources */ = {
			isa = PBXSourcesBuildPhase;
			buildActionMask = 2147483647;
			files = (
				623AEBE627CD1B4400247391 /* LogInView.swift in Sources */,
				623AEBB327C8144100247391 /* ContentView.swift in Sources */,
				623AEBE827CE96A300247391 /* UserDetail.swift in Sources */,
				623AEBEC27CE9C2900247391 /* SettingsView.swift in Sources */,
				623AEBB127C8144100247391 /* PresentApp.swift in Sources */,
				623AEBE027CD1AE500247391 /* FirebaseFunctions.swift in Sources */,
				621D7478280F358300006B99 /* CreateUserInfo.swift in Sources */,
				623AEBEA27CE96C000247391 /* HomeView.swift in Sources */,
				623AEBEE27CE9CA700247391 /* ImagePicker.swift in Sources */,
				623AEBF027DA68E900247391 /* DataParsing.swift in Sources */,
				623AEBE427CD1B1100247391 /* UserInfo.swift in Sources */,
				AE27E50D27FB4C690084A50D /* FriendInfo.swift in Sources */,
				629DA5B127FCAEC300E96BB0 /* FriendDetail.swift in Sources */,
				623AEBE227CD1AFE00247391 /* Constants.swift in Sources */,
			);
			runOnlyForDeploymentPostprocessing = 0;
		};
		623AEBBA27C8144400247391 /* Sources */ = {
			isa = PBXSourcesBuildPhase;
			buildActionMask = 2147483647;
			files = (
				623AEBC327C8144400247391 /* PresentTests.swift in Sources */,
			);
			runOnlyForDeploymentPostprocessing = 0;
		};
		623AEBC527C8144400247391 /* Sources */ = {
			isa = PBXSourcesBuildPhase;
			buildActionMask = 2147483647;
			files = (
				623AEBCE27C8144400247391 /* PresentUITests.swift in Sources */,
			);
			runOnlyForDeploymentPostprocessing = 0;
		};
/* End PBXSourcesBuildPhase section */

/* Begin PBXTargetDependency section */
		623AEBC027C8144400247391 /* PBXTargetDependency */ = {
			isa = PBXTargetDependency;
			target = 623AEBAC27C8144100247391 /* Present */;
			targetProxy = 623AEBBF27C8144400247391 /* PBXContainerItemProxy */;
		};
		623AEBCB27C8144400247391 /* PBXTargetDependency */ = {
			isa = PBXTargetDependency;
			target = 623AEBAC27C8144100247391 /* Present */;
			targetProxy = 623AEBCA27C8144400247391 /* PBXContainerItemProxy */;
		};
/* End PBXTargetDependency section */

/* Begin XCBuildConfiguration section */
		623AEBD027C8144400247391 /* Debug */ = {
			isa = XCBuildConfiguration;
			buildSettings = {
				ALWAYS_SEARCH_USER_PATHS = NO;
				CLANG_ANALYZER_NONNULL = YES;
				CLANG_ANALYZER_NUMBER_OBJECT_CONVERSION = YES_AGGRESSIVE;
				CLANG_CXX_LANGUAGE_STANDARD = "gnu++14";
				CLANG_CXX_LIBRARY = "libc++";
				CLANG_ENABLE_MODULES = YES;
				CLANG_ENABLE_OBJC_ARC = YES;
				CLANG_ENABLE_OBJC_WEAK = YES;
				CLANG_WARN_BLOCK_CAPTURE_AUTORELEASING = YES;
				CLANG_WARN_BOOL_CONVERSION = YES;
				CLANG_WARN_COMMA = YES;
				CLANG_WARN_CONSTANT_CONVERSION = YES;
				CLANG_WARN_DEPRECATED_OBJC_IMPLEMENTATIONS = YES;
				CLANG_WARN_DIRECT_OBJC_ISA_USAGE = YES_ERROR;
				CLANG_WARN_DOCUMENTATION_COMMENTS = YES;
				CLANG_WARN_EMPTY_BODY = YES;
				CLANG_WARN_ENUM_CONVERSION = YES;
				CLANG_WARN_INFINITE_RECURSION = YES;
				CLANG_WARN_INT_CONVERSION = YES;
				CLANG_WARN_NON_LITERAL_NULL_CONVERSION = YES;
				CLANG_WARN_OBJC_IMPLICIT_RETAIN_SELF = YES;
				CLANG_WARN_OBJC_LITERAL_CONVERSION = YES;
				CLANG_WARN_OBJC_ROOT_CLASS = YES_ERROR;
				CLANG_WARN_QUOTED_INCLUDE_IN_FRAMEWORK_HEADER = YES;
				CLANG_WARN_RANGE_LOOP_ANALYSIS = YES;
				CLANG_WARN_STRICT_PROTOTYPES = YES;
				CLANG_WARN_SUSPICIOUS_MOVE = YES;
				CLANG_WARN_UNGUARDED_AVAILABILITY = YES_AGGRESSIVE;
				CLANG_WARN_UNREACHABLE_CODE = YES;
				CLANG_WARN__DUPLICATE_METHOD_MATCH = YES;
				COPY_PHASE_STRIP = NO;
				DEBUG_INFORMATION_FORMAT = dwarf;
				ENABLE_STRICT_OBJC_MSGSEND = YES;
				ENABLE_TESTABILITY = YES;
				GCC_C_LANGUAGE_STANDARD = gnu11;
				GCC_DYNAMIC_NO_PIC = NO;
				GCC_NO_COMMON_BLOCKS = YES;
				GCC_OPTIMIZATION_LEVEL = 0;
				GCC_PREPROCESSOR_DEFINITIONS = (
					"DEBUG=1",
					"$(inherited)",
				);
				GCC_WARN_64_TO_32_BIT_CONVERSION = YES;
				GCC_WARN_ABOUT_RETURN_TYPE = YES_ERROR;
				GCC_WARN_UNDECLARED_SELECTOR = YES;
				GCC_WARN_UNINITIALIZED_AUTOS = YES_AGGRESSIVE;
				GCC_WARN_UNUSED_FUNCTION = YES;
				GCC_WARN_UNUSED_VARIABLE = YES;
				IPHONEOS_DEPLOYMENT_TARGET = 14.5;
				MTL_ENABLE_DEBUG_INFO = INCLUDE_SOURCE;
				MTL_FAST_MATH = YES;
				ONLY_ACTIVE_ARCH = YES;
				SDKROOT = iphoneos;
				SWIFT_ACTIVE_COMPILATION_CONDITIONS = DEBUG;
				SWIFT_OPTIMIZATION_LEVEL = "-Onone";
			};
			name = Debug;
		};
		623AEBD127C8144400247391 /* Release */ = {
			isa = XCBuildConfiguration;
			buildSettings = {
				ALWAYS_SEARCH_USER_PATHS = NO;
				CLANG_ANALYZER_NONNULL = YES;
				CLANG_ANALYZER_NUMBER_OBJECT_CONVERSION = YES_AGGRESSIVE;
				CLANG_CXX_LANGUAGE_STANDARD = "gnu++14";
				CLANG_CXX_LIBRARY = "libc++";
				CLANG_ENABLE_MODULES = YES;
				CLANG_ENABLE_OBJC_ARC = YES;
				CLANG_ENABLE_OBJC_WEAK = YES;
				CLANG_WARN_BLOCK_CAPTURE_AUTORELEASING = YES;
				CLANG_WARN_BOOL_CONVERSION = YES;
				CLANG_WARN_COMMA = YES;
				CLANG_WARN_CONSTANT_CONVERSION = YES;
				CLANG_WARN_DEPRECATED_OBJC_IMPLEMENTATIONS = YES;
				CLANG_WARN_DIRECT_OBJC_ISA_USAGE = YES_ERROR;
				CLANG_WARN_DOCUMENTATION_COMMENTS = YES;
				CLANG_WARN_EMPTY_BODY = YES;
				CLANG_WARN_ENUM_CONVERSION = YES;
				CLANG_WARN_INFINITE_RECURSION = YES;
				CLANG_WARN_INT_CONVERSION = YES;
				CLANG_WARN_NON_LITERAL_NULL_CONVERSION = YES;
				CLANG_WARN_OBJC_IMPLICIT_RETAIN_SELF = YES;
				CLANG_WARN_OBJC_LITERAL_CONVERSION = YES;
				CLANG_WARN_OBJC_ROOT_CLASS = YES_ERROR;
				CLANG_WARN_QUOTED_INCLUDE_IN_FRAMEWORK_HEADER = YES;
				CLANG_WARN_RANGE_LOOP_ANALYSIS = YES;
				CLANG_WARN_STRICT_PROTOTYPES = YES;
				CLANG_WARN_SUSPICIOUS_MOVE = YES;
				CLANG_WARN_UNGUARDED_AVAILABILITY = YES_AGGRESSIVE;
				CLANG_WARN_UNREACHABLE_CODE = YES;
				CLANG_WARN__DUPLICATE_METHOD_MATCH = YES;
				COPY_PHASE_STRIP = NO;
				DEBUG_INFORMATION_FORMAT = "dwarf-with-dsym";
				ENABLE_NS_ASSERTIONS = NO;
				ENABLE_STRICT_OBJC_MSGSEND = YES;
				GCC_C_LANGUAGE_STANDARD = gnu11;
				GCC_NO_COMMON_BLOCKS = YES;
				GCC_WARN_64_TO_32_BIT_CONVERSION = YES;
				GCC_WARN_ABOUT_RETURN_TYPE = YES_ERROR;
				GCC_WARN_UNDECLARED_SELECTOR = YES;
				GCC_WARN_UNINITIALIZED_AUTOS = YES_AGGRESSIVE;
				GCC_WARN_UNUSED_FUNCTION = YES;
				GCC_WARN_UNUSED_VARIABLE = YES;
				IPHONEOS_DEPLOYMENT_TARGET = 14.5;
				MTL_ENABLE_DEBUG_INFO = NO;
				MTL_FAST_MATH = YES;
				SDKROOT = iphoneos;
				SWIFT_COMPILATION_MODE = wholemodule;
				SWIFT_OPTIMIZATION_LEVEL = "-O";
				VALIDATE_PRODUCT = YES;
			};
			name = Release;
		};
		623AEBD327C8144400247391 /* Debug */ = {
			isa = XCBuildConfiguration;
			baseConfigurationReference = 1A6AA3A89D2DB3BF43B43F9C /* Pods-Present.debug.xcconfig */;
			buildSettings = {
				ASSETCATALOG_COMPILER_APPICON_NAME = AppIcon;
				ASSETCATALOG_COMPILER_GLOBAL_ACCENT_COLOR_NAME = AccentColor;
				CODE_SIGN_STYLE = Automatic;
				DEVELOPMENT_ASSET_PATHS = "\"Present/Preview Content\"";
				ENABLE_PREVIEWS = YES;
				INFOPLIST_FILE = Present/Info.plist;
				IPHONEOS_DEPLOYMENT_TARGET = 14.0;
				LD_RUNPATH_SEARCH_PATHS = (
					"$(inherited)",
					"@executable_path/Frameworks",
				);
				PRODUCT_BUNDLE_IDENTIFIER = "Lauren-Kelz.Present";
				PRODUCT_NAME = "$(TARGET_NAME)";
				SWIFT_VERSION = 5.0;
				TARGETED_DEVICE_FAMILY = "1,2";
			};
			name = Debug;
		};
		623AEBD427C8144400247391 /* Release */ = {
			isa = XCBuildConfiguration;
			baseConfigurationReference = 8D00727F23FB59E3C85CDE8C /* Pods-Present.release.xcconfig */;
			buildSettings = {
				ASSETCATALOG_COMPILER_APPICON_NAME = AppIcon;
				ASSETCATALOG_COMPILER_GLOBAL_ACCENT_COLOR_NAME = AccentColor;
				CODE_SIGN_STYLE = Automatic;
				DEVELOPMENT_ASSET_PATHS = "\"Present/Preview Content\"";
				ENABLE_PREVIEWS = YES;
				INFOPLIST_FILE = Present/Info.plist;
				IPHONEOS_DEPLOYMENT_TARGET = 14.0;
				LD_RUNPATH_SEARCH_PATHS = (
					"$(inherited)",
					"@executable_path/Frameworks",
				);
				PRODUCT_BUNDLE_IDENTIFIER = "Lauren-Kelz.Present";
				PRODUCT_NAME = "$(TARGET_NAME)";
				SWIFT_VERSION = 5.0;
				TARGETED_DEVICE_FAMILY = "1,2";
			};
			name = Release;
		};
		623AEBD627C8144400247391 /* Debug */ = {
			isa = XCBuildConfiguration;
			buildSettings = {
				ALWAYS_EMBED_SWIFT_STANDARD_LIBRARIES = YES;
				BUNDLE_LOADER = "$(TEST_HOST)";
				CODE_SIGN_STYLE = Automatic;
				INFOPLIST_FILE = PresentTests/Info.plist;
				IPHONEOS_DEPLOYMENT_TARGET = 14.0;
				LD_RUNPATH_SEARCH_PATHS = (
					"$(inherited)",
					"@executable_path/Frameworks",
					"@loader_path/Frameworks",
				);
				PRODUCT_BUNDLE_IDENTIFIER = "Lauren-Kelz.PresentTests";
				PRODUCT_NAME = "$(TARGET_NAME)";
				SWIFT_VERSION = 5.0;
				TARGETED_DEVICE_FAMILY = "1,2";
				TEST_HOST = "$(BUILT_PRODUCTS_DIR)/Present.app/Present";
			};
			name = Debug;
		};
		623AEBD727C8144400247391 /* Release */ = {
			isa = XCBuildConfiguration;
			buildSettings = {
				ALWAYS_EMBED_SWIFT_STANDARD_LIBRARIES = YES;
				BUNDLE_LOADER = "$(TEST_HOST)";
				CODE_SIGN_STYLE = Automatic;
				INFOPLIST_FILE = PresentTests/Info.plist;
				IPHONEOS_DEPLOYMENT_TARGET = 14.0;
				LD_RUNPATH_SEARCH_PATHS = (
					"$(inherited)",
					"@executable_path/Frameworks",
					"@loader_path/Frameworks",
				);
				PRODUCT_BUNDLE_IDENTIFIER = "Lauren-Kelz.PresentTests";
				PRODUCT_NAME = "$(TARGET_NAME)";
				SWIFT_VERSION = 5.0;
				TARGETED_DEVICE_FAMILY = "1,2";
				TEST_HOST = "$(BUILT_PRODUCTS_DIR)/Present.app/Present";
			};
			name = Release;
		};
		623AEBD927C8144400247391 /* Debug */ = {
			isa = XCBuildConfiguration;
			buildSettings = {
				ALWAYS_EMBED_SWIFT_STANDARD_LIBRARIES = YES;
				CODE_SIGN_STYLE = Automatic;
				INFOPLIST_FILE = PresentUITests/Info.plist;
				LD_RUNPATH_SEARCH_PATHS = (
					"$(inherited)",
					"@executable_path/Frameworks",
					"@loader_path/Frameworks",
				);
				PRODUCT_BUNDLE_IDENTIFIER = "Lauren-Kelz.PresentUITests";
				PRODUCT_NAME = "$(TARGET_NAME)";
				SWIFT_VERSION = 5.0;
				TARGETED_DEVICE_FAMILY = "1,2";
				TEST_TARGET_NAME = Present;
			};
			name = Debug;
		};
		623AEBDA27C8144400247391 /* Release */ = {
			isa = XCBuildConfiguration;
			buildSettings = {
				ALWAYS_EMBED_SWIFT_STANDARD_LIBRARIES = YES;
				CODE_SIGN_STYLE = Automatic;
				INFOPLIST_FILE = PresentUITests/Info.plist;
				LD_RUNPATH_SEARCH_PATHS = (
					"$(inherited)",
					"@executable_path/Frameworks",
					"@loader_path/Frameworks",
				);
				PRODUCT_BUNDLE_IDENTIFIER = "Lauren-Kelz.PresentUITests";
				PRODUCT_NAME = "$(TARGET_NAME)";
				SWIFT_VERSION = 5.0;
				TARGETED_DEVICE_FAMILY = "1,2";
				TEST_TARGET_NAME = Present;
			};
			name = Release;
		};
/* End XCBuildConfiguration section */

/* Begin XCConfigurationList section */
		623AEBA827C8144100247391 /* Build configuration list for PBXProject "Present" */ = {
			isa = XCConfigurationList;
			buildConfigurations = (
				623AEBD027C8144400247391 /* Debug */,
				623AEBD127C8144400247391 /* Release */,
			);
			defaultConfigurationIsVisible = 0;
			defaultConfigurationName = Release;
		};
		623AEBD227C8144400247391 /* Build configuration list for PBXNativeTarget "Present" */ = {
			isa = XCConfigurationList;
			buildConfigurations = (
				623AEBD327C8144400247391 /* Debug */,
				623AEBD427C8144400247391 /* Release */,
			);
			defaultConfigurationIsVisible = 0;
			defaultConfigurationName = Release;
		};
		623AEBD527C8144400247391 /* Build configuration list for PBXNativeTarget "PresentTests" */ = {
			isa = XCConfigurationList;
			buildConfigurations = (
				623AEBD627C8144400247391 /* Debug */,
				623AEBD727C8144400247391 /* Release */,
			);
			defaultConfigurationIsVisible = 0;
			defaultConfigurationName = Release;
		};
		623AEBD827C8144400247391 /* Build configuration list for PBXNativeTarget "PresentUITests" */ = {
			isa = XCConfigurationList;
			buildConfigurations = (
				623AEBD927C8144400247391 /* Debug */,
				623AEBDA27C8144400247391 /* Release */,
			);
			defaultConfigurationIsVisible = 0;
			defaultConfigurationName = Release;
		};
/* End XCConfigurationList section */
	};
	rootObject = 623AEBA527C8144100247391 /* Project object */;
}
